
Microsoft Visual Studio Solution File, Format Version 12.00
# Visual Studio Version 17
VisualStudioVersion = 17.9.34622.214
MinimumVisualStudioVersion = 10.0.40219.1
Project("{FAE04EC0-301F-11D3-BF4B-00C04F79EFBC}") = "Templet.API", "Templet\Templet.API.csproj", "{2FE79E14-3298-4B3E-8FC4-F81AF962453B}"
EndProject
Project("{FAE04EC0-301F-11D3-BF4B-00C04F79EFBC}") = "Templet.Core", "Templet.Core\Templet.Core.csproj", "{3311861C-CD78-49BA-89AF-0D3D04165E2D}"
EndProject
Project("{FAE04EC0-301F-11D3-BF4B-00C04F79EFBC}") = "Templet.Data", "Templet.Data\Templet.Data.csproj", "{A92349E2-C8FA-4D58-B071-C8BD3587DE28}"
EndProject
Global
	GlobalSection(SolutionConfigurationPlatforms) = preSolution
		Debug|Any CPU = Debug|Any CPU
		Release|Any CPU = Release|Any CPU
	EndGlobalSection
	GlobalSection(ProjectConfigurationPlatforms) = postSolution
		{2FE79E14-3298-4B3E-8FC4-F81AF962453B}.Debug|Any CPU.ActiveCfg = Debug|Any CPU
		{2FE79E14-3298-4B3E-8FC4-F81AF962453B}.Debug|Any CPU.Build.0 = Debug|Any CPU
		{2FE79E14-3298-4B3E-8FC4-F81AF962453B}.Release|Any CPU.ActiveCfg = Release|Any CPU
		{2FE79E14-3298-4B3E-8FC4-F81AF962453B}.Release|Any CPU.Build.0 = Release|Any CPU
		{3311861C-CD78-49BA-89AF-0D3D04165E2D}.Debug|Any CPU.ActiveCfg = Debug|Any CPU
		{3311861C-CD78-49BA-89AF-0D3D04165E2D}.Debug|Any CPU.Build.0 = Debug|Any CPU
		{3311861C-CD78-49BA-89AF-0D3D04165E2D}.Release|Any CPU.ActiveCfg = Release|Any CPU
		{3311861C-CD78-49BA-89AF-0D3D04165E2D}.Release|Any CPU.Build.0 = Release|Any CPU
		{A92349E2-C8FA-4D58-B071-C8BD3587DE28}.Debug|Any CPU.ActiveCfg = Debug|Any CPU
		{A92349E2-C8FA-4D58-B071-C8BD3587DE28}.Debug|Any CPU.Build.0 = Debug|Any CPU
		{A92349E2-C8FA-4D58-B071-C8BD3587DE28}.Release|Any CPU.ActiveCfg = Release|Any CPU
		{A92349E2-C8FA-4D58-B071-C8BD3587DE28}.Release|Any CPU.Build.0 = Release|Any CPU
	EndGlobalSection
	GlobalSection(SolutionProperties) = preSolution
		HideSolutionNode = FALSE
	EndGlobalSection
	GlobalSection(ExtensibilityGlobals) = postSolution
		SolutionGuid = {9760A216-2612-43BD-BE5D-9D6E3E0588FE}
	EndGlobalSection
EndGlobal
